
Microsoft Visual Studio Solution File, Format Version 12.00
# Visual Studio 14
VisualStudioVersion = 14.0.25420.1
MinimumVisualStudioVersion = 10.0.40219.1
Project("{FAE04EC0-301F-11D3-BF4B-00C04F79EFBC}") = "[Pr.] Graphics Editor", "[Pr.] Graphics Editor\[Pr.] Graphics Editor.csproj", "{1B01A0DE-9B00-4E65-A89E-C1C67C4C204F}"
EndProject
Global
	GlobalSection(SolutionConfigurationPlatforms) = preSolution
		Debug|Any CPU = Debug|Any CPU
		Release|Any CPU = Release|Any CPU
	EndGlobalSection
	GlobalSection(ProjectConfigurationPlatforms) = postSolution
		{1B01A0DE-9B00-4E65-A89E-C1C67C4C204F}.Debug|Any CPU.ActiveCfg = Debug|Any CPU
		{1B01A0DE-9B00-4E65-A89E-C1C67C4C204F}.Debug|Any CPU.Build.0 = Debug|Any CPU
		{1B01A0DE-9B00-4E65-A89E-C1C67C4C204F}.Release|Any CPU.ActiveCfg = Release|Any CPU
		{1B01A0DE-9B00-4E65-A89E-C1C67C4C204F}.Release|Any CPU.Build.0 = Release|Any CPU
	EndGlobalSection
	GlobalSection(SolutionProperties) = preSolution
		HideSolutionNode = FALSE
	EndGlobalSection
EndGlobal
